
Microsoft Visual Studio Solution File, Format Version 12.00
# Visual Studio Version 17
VisualStudioVersion = 17.5.002.0
MinimumVisualStudioVersion = 10.0.40219.1
Project("{2150E333-8FDC-42A3-9474-1A3956D46DE8}") = "sandbox", "sandbox", "{55BA40B3-229F-4E15-9ECD-2D3ADCD2A1E3}"
EndProject
Project("{9A19103F-16F7-4668-BE54-9A1E7A4F7556}") = "sandbox_project", "sandbox\sandbox_project\sandbox_project.csproj", "{3DD71765-81DC-43F9-B892-5644B62A9B43}"
EndProject
Project("{2150E333-8FDC-42A3-9474-1A3956D46DE8}") = "week01", "week01", "{5EB7B403-32DB-419B-9703-AEB2554E3548}"
EndProject
Project("{9A19103F-16F7-4668-BE54-9A1E7A4F7556}") = "analyze", "week01\analyze\analyze.csproj", "{164B6D1B-3099-4376-AB66-665208F19573}"
EndProject
Project("{9A19103F-16F7-4668-BE54-9A1E7A4F7556}") = "code", "week01\code\code.csproj", "{BF7EF52F-E32D-4ABD-9AA1-5E27CD887263}"
EndProject
Project("{9A19103F-16F7-4668-BE54-9A1E7A4F7556}") = "teach", "week01\teach\teach.csproj", "{FA651D71-B7BC-46EF-9896-F4255F7C49B4}"
EndProject
Project("{2150E333-8FDC-42A3-9474-1A3956D46DE8}") = "week02", "week02", "{2CE6211E-98A6-42E4-9E94-14BA632A2E17}"
EndProject
Project("{9A19103F-16F7-4668-BE54-9A1E7A4F7556}") = "analyze", "week02\analyze\analyze.csproj", "{06A6DD44-0F04-46E0-B0DD-62F1D7369090}"
EndProject
Project("{9A19103F-16F7-4668-BE54-9A1E7A4F7556}") = "code", "week02\code\code.csproj", "{CE6D1CEF-D4E0-4DE4-8C2D-92D93E1AF4EB}"
EndProject
Project("{9A19103F-16F7-4668-BE54-9A1E7A4F7556}") = "learn", "week02\learn\learn.csproj", "{214E798E-9F89-4854-B2FF-E7E522E88D3F}"
EndProject
Project("{9A19103F-16F7-4668-BE54-9A1E7A4F7556}") = "teach", "week02\teach\teach.csproj", "{514F960A-2E2E-4283-9645-6F72AF94A6DF}"
EndProject
Project("{2150E333-8FDC-42A3-9474-1A3956D46DE8}") = "week03", "week03", "{AF9C2886-5511-46DC-8862-D782748A5A1B}"
EndProject
Project("{9A19103F-16F7-4668-BE54-9A1E7A4F7556}") = "code", "week03\code\code.csproj", "{FF309071-06F2-479A-9B45-2F9A25944149}"
EndProject
Project("{9A19103F-16F7-4668-BE54-9A1E7A4F7556}") = "learn", "week03\learn\learn.csproj", "{46DE13D7-FAD0-4B9F-A708-1D31664AAD4F}"
EndProject
Project("{9A19103F-16F7-4668-BE54-9A1E7A4F7556}") = "teach", "week03\teach\teach.csproj", "{2DEA436C-4916-405E-95FF-60B122A1E398}"
EndProject
Project("{2150E333-8FDC-42A3-9474-1A3956D46DE8}") = "week04", "week04", "{2A820714-A27D-4E5C-9B66-8893B18702B4}"
EndProject
Project("{9A19103F-16F7-4668-BE54-9A1E7A4F7556}") = "code", "week04\code\code.csproj", "{7405A1ED-4CC1-4754-A907-0F735B00E5F3}"
EndProject
Project("{2150E333-8FDC-42A3-9474-1A3956D46DE8}") = "week05", "week05", "{3D2E6751-81E8-4EE7-A804-368CD1F9F4FD}"
EndProject
Project("{9A19103F-16F7-4668-BE54-9A1E7A4F7556}") = "code", "week05\code\code.csproj", "{3568FCD4-0BDF-408E-95A0-CEC78CFB7BE6}"
EndProject
Project("{2150E333-8FDC-42A3-9474-1A3956D46DE8}") = "week06", "week06", "{C21B76E2-ED60-4F8C-8B16-105B88D87538}"
EndProject
Project("{9A19103F-16F7-4668-BE54-9A1E7A4F7556}") = "code", "week06\code\code.csproj", "{7F0866DE-AA9E-422F-925A-BD86D1CAA689}"
EndProject
Global
	GlobalSection(SolutionConfigurationPlatforms) = preSolution
		Debug|Any CPU = Debug|Any CPU
		Release|Any CPU = Release|Any CPU
	EndGlobalSection
	GlobalSection(ProjectConfigurationPlatforms) = postSolution
		{3DD71765-81DC-43F9-B892-5644B62A9B43}.Debug|Any CPU.ActiveCfg = Debug|Any CPU
		{3DD71765-81DC-43F9-B892-5644B62A9B43}.Debug|Any CPU.Build.0 = Debug|Any CPU
		{3DD71765-81DC-43F9-B892-5644B62A9B43}.Release|Any CPU.ActiveCfg = Release|Any CPU
		{3DD71765-81DC-43F9-B892-5644B62A9B43}.Release|Any CPU.Build.0 = Release|Any CPU
		{164B6D1B-3099-4376-AB66-665208F19573}.Debug|Any CPU.ActiveCfg = Debug|Any CPU
		{164B6D1B-3099-4376-AB66-665208F19573}.Debug|Any CPU.Build.0 = Debug|Any CPU
		{164B6D1B-3099-4376-AB66-665208F19573}.Release|Any CPU.ActiveCfg = Release|Any CPU
		{164B6D1B-3099-4376-AB66-665208F19573}.Release|Any CPU.Build.0 = Release|Any CPU
		{BF7EF52F-E32D-4ABD-9AA1-5E27CD887263}.Debug|Any CPU.ActiveCfg = Debug|Any CPU
		{BF7EF52F-E32D-4ABD-9AA1-5E27CD887263}.Debug|Any CPU.Build.0 = Debug|Any CPU
		{BF7EF52F-E32D-4ABD-9AA1-5E27CD887263}.Release|Any CPU.ActiveCfg = Release|Any CPU
		{BF7EF52F-E32D-4ABD-9AA1-5E27CD887263}.Release|Any CPU.Build.0 = Release|Any CPU
		{FA651D71-B7BC-46EF-9896-F4255F7C49B4}.Debug|Any CPU.ActiveCfg = Debug|Any CPU
		{FA651D71-B7BC-46EF-9896-F4255F7C49B4}.Debug|Any CPU.Build.0 = Debug|Any CPU
		{FA651D71-B7BC-46EF-9896-F4255F7C49B4}.Release|Any CPU.ActiveCfg = Release|Any CPU
		{FA651D71-B7BC-46EF-9896-F4255F7C49B4}.Release|Any CPU.Build.0 = Release|Any CPU
		{06A6DD44-0F04-46E0-B0DD-62F1D7369090}.Debug|Any CPU.ActiveCfg = Debug|Any CPU
		{06A6DD44-0F04-46E0-B0DD-62F1D7369090}.Debug|Any CPU.Build.0 = Debug|Any CPU
		{06A6DD44-0F04-46E0-B0DD-62F1D7369090}.Release|Any CPU.ActiveCfg = Release|Any CPU
		{06A6DD44-0F04-46E0-B0DD-62F1D7369090}.Release|Any CPU.Build.0 = Release|Any CPU
		{CE6D1CEF-D4E0-4DE4-8C2D-92D93E1AF4EB}.Debug|Any CPU.ActiveCfg = Debug|Any CPU
		{CE6D1CEF-D4E0-4DE4-8C2D-92D93E1AF4EB}.Debug|Any CPU.Build.0 = Debug|Any CPU
		{CE6D1CEF-D4E0-4DE4-8C2D-92D93E1AF4EB}.Release|Any CPU.ActiveCfg = Release|Any CPU
		{CE6D1CEF-D4E0-4DE4-8C2D-92D93E1AF4EB}.Release|Any CPU.Build.0 = Release|Any CPU
		{214E798E-9F89-4854-B2FF-E7E522E88D3F}.Debug|Any CPU.ActiveCfg = Debug|Any CPU
		{214E798E-9F89-4854-B2FF-E7E522E88D3F}.Debug|Any CPU.Build.0 = Debug|Any CPU
		{214E798E-9F89-4854-B2FF-E7E522E88D3F}.Release|Any CPU.ActiveCfg = Release|Any CPU
		{214E798E-9F89-4854-B2FF-E7E522E88D3F}.Release|Any CPU.Build.0 = Release|Any CPU
		{514F960A-2E2E-4283-9645-6F72AF94A6DF}.Debug|Any CPU.ActiveCfg = Debug|Any CPU
		{514F960A-2E2E-4283-9645-6F72AF94A6DF}.Debug|Any CPU.Build.0 = Debug|Any CPU
		{514F960A-2E2E-4283-9645-6F72AF94A6DF}.Release|Any CPU.ActiveCfg = Release|Any CPU
		{514F960A-2E2E-4283-9645-6F72AF94A6DF}.Release|Any CPU.Build.0 = Release|Any CPU
		{FF309071-06F2-479A-9B45-2F9A25944149}.Debug|Any CPU.ActiveCfg = Debug|Any CPU
		{FF309071-06F2-479A-9B45-2F9A25944149}.Debug|Any CPU.Build.0 = Debug|Any CPU
		{FF309071-06F2-479A-9B45-2F9A25944149}.Release|Any CPU.ActiveCfg = Release|Any CPU
		{FF309071-06F2-479A-9B45-2F9A25944149}.Release|Any CPU.Build.0 = Release|Any CPU
		{46DE13D7-FAD0-4B9F-A708-1D31664AAD4F}.Debug|Any CPU.ActiveCfg = Debug|Any CPU
		{46DE13D7-FAD0-4B9F-A708-1D31664AAD4F}.Debug|Any CPU.Build.0 = Debug|Any CPU
		{46DE13D7-FAD0-4B9F-A708-1D31664AAD4F}.Release|Any CPU.ActiveCfg = Release|Any CPU
		{46DE13D7-FAD0-4B9F-A708-1D31664AAD4F}.Release|Any CPU.Build.0 = Release|Any CPU
		{2DEA436C-4916-405E-95FF-60B122A1E398}.Debug|Any CPU.ActiveCfg = Debug|Any CPU
		{2DEA436C-4916-405E-95FF-60B122A1E398}.Debug|Any CPU.Build.0 = Debug|Any CPU
		{2DEA436C-4916-405E-95FF-60B122A1E398}.Release|Any CPU.ActiveCfg = Release|Any CPU
		{2DEA436C-4916-405E-95FF-60B122A1E398}.Release|Any CPU.Build.0 = Release|Any CPU
		{7405A1ED-4CC1-4754-A907-0F735B00E5F3}.Debug|Any CPU.ActiveCfg = Debug|Any CPU
		{7405A1ED-4CC1-4754-A907-0F735B00E5F3}.Debug|Any CPU.Build.0 = Debug|Any CPU
		{7405A1ED-4CC1-4754-A907-0F735B00E5F3}.Release|Any CPU.ActiveCfg = Release|Any CPU
		{7405A1ED-4CC1-4754-A907-0F735B00E5F3}.Release|Any CPU.Build.0 = Release|Any CPU
		{3568FCD4-0BDF-408E-95A0-CEC78CFB7BE6}.Debug|Any CPU.ActiveCfg = Debug|Any CPU
		{3568FCD4-0BDF-408E-95A0-CEC78CFB7BE6}.Debug|Any CPU.Build.0 = Debug|Any CPU
		{3568FCD4-0BDF-408E-95A0-CEC78CFB7BE6}.Release|Any CPU.ActiveCfg = Release|Any CPU
		{3568FCD4-0BDF-408E-95A0-CEC78CFB7BE6}.Release|Any CPU.Build.0 = Release|Any CPU
		{7F0866DE-AA9E-422F-925A-BD86D1CAA689}.Debug|Any CPU.ActiveCfg = Debug|Any CPU
		{7F0866DE-AA9E-422F-925A-BD86D1CAA689}.Debug|Any CPU.Build.0 = Debug|Any CPU
		{7F0866DE-AA9E-422F-925A-BD86D1CAA689}.Release|Any CPU.ActiveCfg = Release|Any CPU
		{7F0866DE-AA9E-422F-925A-BD86D1CAA689}.Release|Any CPU.Build.0 = Release|Any CPU
	EndGlobalSection
	GlobalSection(SolutionProperties) = preSolution
		HideSolutionNode = FALSE
	EndGlobalSection
	GlobalSection(NestedProjects) = preSolution
		{3DD71765-81DC-43F9-B892-5644B62A9B43} = {55BA40B3-229F-4E15-9ECD-2D3ADCD2A1E3}
		{164B6D1B-3099-4376-AB66-665208F19573} = {5EB7B403-32DB-419B-9703-AEB2554E3548}
		{BF7EF52F-E32D-4ABD-9AA1-5E27CD887263} = {5EB7B403-32DB-419B-9703-AEB2554E3548}
		{FA651D71-B7BC-46EF-9896-F4255F7C49B4} = {5EB7B403-32DB-419B-9703-AEB2554E3548}
		{06A6DD44-0F04-46E0-B0DD-62F1D7369090} = {2CE6211E-98A6-42E4-9E94-14BA632A2E17}
		{CE6D1CEF-D4E0-4DE4-8C2D-92D93E1AF4EB} = {2CE6211E-98A6-42E4-9E94-14BA632A2E17}
		{214E798E-9F89-4854-B2FF-E7E522E88D3F} = {2CE6211E-98A6-42E4-9E94-14BA632A2E17}
		{514F960A-2E2E-4283-9645-6F72AF94A6DF} = {2CE6211E-98A6-42E4-9E94-14BA632A2E17}
		{FF309071-06F2-479A-9B45-2F9A25944149} = {AF9C2886-5511-46DC-8862-D782748A5A1B}
		{46DE13D7-FAD0-4B9F-A708-1D31664AAD4F} = {AF9C2886-5511-46DC-8862-D782748A5A1B}
		{2DEA436C-4916-405E-95FF-60B122A1E398} = {AF9C2886-5511-46DC-8862-D782748A5A1B}
		{7405A1ED-4CC1-4754-A907-0F735B00E5F3} = {2A820714-A27D-4E5C-9B66-8893B18702B4}
		{3568FCD4-0BDF-408E-95A0-CEC78CFB7BE6} = {3D2E6751-81E8-4EE7-A804-368CD1F9F4FD}
		{7F0866DE-AA9E-422F-925A-BD86D1CAA689} = {C21B76E2-ED60-4F8C-8B16-105B88D87538}
	EndGlobalSection
	GlobalSection(ExtensibilityGlobals) = postSolution
		SolutionGuid = {E897307C-2FD7-4263-BCD2-09712D25BA02}
	EndGlobalSection
EndGlobal
